
Microsoft Visual Studio Solution File, Format Version 12.00
# Visual Studio Version 17
VisualStudioVersion = 17.5.33424.131
MinimumVisualStudioVersion = 10.0.40219.1
Project("{FAE04EC0-301F-11D3-BF4B-00C04F79EFBC}") = "ex6Manipulacao", "ex6Manipulacao\ex6Manipulacao.csproj", "{7772A149-8071-47FF-A6D7-E1CB463E1148}"
EndProject
Project("{FAE04EC0-301F-11D3-BF4B-00C04F79EFBC}") = "ex1Manipulacao", "ex1Manipulacao\ex1Manipulacao.csproj", "{59FA7271-9857-4BE6-8A2E-16D3D57D88E1}"
EndProject
Project("{FAE04EC0-301F-11D3-BF4B-00C04F79EFBC}") = "ex2Manipulacao", "ex2Manipulacao\ex2Manipulacao.csproj", "{7CE4DEC4-5272-487A-822D-3F62B45746C6}"
EndProject
Project("{FAE04EC0-301F-11D3-BF4B-00C04F79EFBC}") = "ex3Manipulacao", "ex3Manipulacao\ex3Manipulacao.csproj", "{C63A3F85-F61F-41BE-B23C-5F9BA699F462}"
EndProject
Project("{FAE04EC0-301F-11D3-BF4B-00C04F79EFBC}") = "ex4Manipulacao", "ex4Manipulacao\ex4Manipulacao.csproj", "{79143D47-DA53-4FFB-A885-38F8FA9C03B2}"
EndProject
Project("{FAE04EC0-301F-11D3-BF4B-00C04F79EFBC}") = "ex5Manipulacao", "ex5Manipulacao\ex5Manipulacao.csproj", "{3A9427DC-FF9C-417B-81BB-222286EB13AE}"
EndProject
Global
	GlobalSection(SolutionConfigurationPlatforms) = preSolution
		Debug|Any CPU = Debug|Any CPU
		Release|Any CPU = Release|Any CPU
	EndGlobalSection
	GlobalSection(ProjectConfigurationPlatforms) = postSolution
		{7772A149-8071-47FF-A6D7-E1CB463E1148}.Debug|Any CPU.ActiveCfg = Debug|Any CPU
		{7772A149-8071-47FF-A6D7-E1CB463E1148}.Debug|Any CPU.Build.0 = Debug|Any CPU
		{7772A149-8071-47FF-A6D7-E1CB463E1148}.Release|Any CPU.ActiveCfg = Release|Any CPU
		{7772A149-8071-47FF-A6D7-E1CB463E1148}.Release|Any CPU.Build.0 = Release|Any CPU
		{59FA7271-9857-4BE6-8A2E-16D3D57D88E1}.Debug|Any CPU.ActiveCfg = Debug|Any CPU
		{59FA7271-9857-4BE6-8A2E-16D3D57D88E1}.Debug|Any CPU.Build.0 = Debug|Any CPU
		{59FA7271-9857-4BE6-8A2E-16D3D57D88E1}.Release|Any CPU.ActiveCfg = Release|Any CPU
		{59FA7271-9857-4BE6-8A2E-16D3D57D88E1}.Release|Any CPU.Build.0 = Release|Any CPU
		{7CE4DEC4-5272-487A-822D-3F62B45746C6}.Debug|Any CPU.ActiveCfg = Debug|Any CPU
		{7CE4DEC4-5272-487A-822D-3F62B45746C6}.Debug|Any CPU.Build.0 = Debug|Any CPU
		{7CE4DEC4-5272-487A-822D-3F62B45746C6}.Release|Any CPU.ActiveCfg = Release|Any CPU
		{7CE4DEC4-5272-487A-822D-3F62B45746C6}.Release|Any CPU.Build.0 = Release|Any CPU
		{C63A3F85-F61F-41BE-B23C-5F9BA699F462}.Debug|Any CPU.ActiveCfg = Debug|Any CPU
		{C63A3F85-F61F-41BE-B23C-5F9BA699F462}.Debug|Any CPU.Build.0 = Debug|Any CPU
		{C63A3F85-F61F-41BE-B23C-5F9BA699F462}.Release|Any CPU.ActiveCfg = Release|Any CPU
		{C63A3F85-F61F-41BE-B23C-5F9BA699F462}.Release|Any CPU.Build.0 = Release|Any CPU
		{79143D47-DA53-4FFB-A885-38F8FA9C03B2}.Debug|Any CPU.ActiveCfg = Debug|Any CPU
		{79143D47-DA53-4FFB-A885-38F8FA9C03B2}.Debug|Any CPU.Build.0 = Debug|Any CPU
		{79143D47-DA53-4FFB-A885-38F8FA9C03B2}.Release|Any CPU.ActiveCfg = Release|Any CPU
		{79143D47-DA53-4FFB-A885-38F8FA9C03B2}.Release|Any CPU.Build.0 = Release|Any CPU
		{3A9427DC-FF9C-417B-81BB-222286EB13AE}.Debug|Any CPU.ActiveCfg = Debug|Any CPU
		{3A9427DC-FF9C-417B-81BB-222286EB13AE}.Debug|Any CPU.Build.0 = Debug|Any CPU
		{3A9427DC-FF9C-417B-81BB-222286EB13AE}.Release|Any CPU.ActiveCfg = Release|Any CPU
		{3A9427DC-FF9C-417B-81BB-222286EB13AE}.Release|Any CPU.Build.0 = Release|Any CPU
	EndGlobalSection
	GlobalSection(SolutionProperties) = preSolution
		HideSolutionNode = FALSE
	EndGlobalSection
	GlobalSection(ExtensibilityGlobals) = postSolution
		SolutionGuid = {476C0AEF-A619-4942-BD5D-AF474A777B3E}
	EndGlobalSection
EndGlobal
